
Microsoft Visual Studio Solution File, Format Version 12.00
# Visual Studio Version 16
VisualStudioVersion = 16.0.29230.47
MinimumVisualStudioVersion = 10.0.40219.1
Project("{8BC9CEB8-8B4A-11D0-8D11-00A0C91BC942}") = "2019-10-03-Classwork", "2019-10-03-Classwork\2019-10-03-Classwork.vcxproj", "{38997C71-4D90-4468-921E-76D9220DE4AF}"
EndProject
Global
	GlobalSection(SolutionConfigurationPlatforms) = preSolution
		Debug|x64 = Debug|x64
		Debug|x86 = Debug|x86
		Release|x64 = Release|x64
		Release|x86 = Release|x86
	EndGlobalSection
	GlobalSection(ProjectConfigurationPlatforms) = postSolution
		{38997C71-4D90-4468-921E-76D9220DE4AF}.Debug|x64.ActiveCfg = Debug|x64
		{38997C71-4D90-4468-921E-76D9220DE4AF}.Debug|x64.Build.0 = Debug|x64
		{38997C71-4D90-4468-921E-76D9220DE4AF}.Debug|x86.ActiveCfg = Debug|Win32
		{38997C71-4D90-4468-921E-76D9220DE4AF}.Debug|x86.Build.0 = Debug|Win32
		{38997C71-4D90-4468-921E-76D9220DE4AF}.Release|x64.ActiveCfg = Release|x64
		{38997C71-4D90-4468-921E-76D9220DE4AF}.Release|x64.Build.0 = Release|x64
		{38997C71-4D90-4468-921E-76D9220DE4AF}.Release|x86.ActiveCfg = Release|Win32
		{38997C71-4D90-4468-921E-76D9220DE4AF}.Release|x86.Build.0 = Release|Win32
	EndGlobalSection
	GlobalSection(SolutionProperties) = preSolution
		HideSolutionNode = FALSE
	EndGlobalSection
	GlobalSection(ExtensibilityGlobals) = postSolution
		SolutionGuid = {699A6E98-4B44-424E-907F-6A799EB4F760}
	EndGlobalSection
EndGlobal
